
Microsoft Visual Studio Solution File, Format Version 12.00
# Visual Studio 15
VisualStudioVersion = 15.0.28307.106
MinimumVisualStudioVersion = 10.0.40219.1
Project("{FAE04EC0-301F-11D3-BF4B-00C04F79EFBC}") = "WelcomeScreen", "WelcomeScreen\WelcomeScreen.csproj", "{0879C979-E5E9-44AF-AA6D-AB8D9D7F5E98}"
EndProject
Global
	GlobalSection(SolutionConfigurationPlatforms) = preSolution
		Debug|Any CPU = Debug|Any CPU
		Release|Any CPU = Release|Any CPU
	EndGlobalSection
	GlobalSection(ProjectConfigurationPlatforms) = postSolution
		{0879C979-E5E9-44AF-AA6D-AB8D9D7F5E98}.Debug|Any CPU.ActiveCfg = Debug|Any CPU
		{0879C979-E5E9-44AF-AA6D-AB8D9D7F5E98}.Debug|Any CPU.Build.0 = Debug|Any CPU
		{0879C979-E5E9-44AF-AA6D-AB8D9D7F5E98}.Release|Any CPU.ActiveCfg = Release|Any CPU
		{0879C979-E5E9-44AF-AA6D-AB8D9D7F5E98}.Release|Any CPU.Build.0 = Release|Any CPU
	EndGlobalSection
	GlobalSection(SolutionProperties) = preSolution
		HideSolutionNode = FALSE
	EndGlobalSection
	GlobalSection(ExtensibilityGlobals) = postSolution
		SolutionGuid = {73ACA5A3-30BB-42E1-ACA0-196E2E460B55}
	EndGlobalSection
EndGlobal
